
Microsoft Visual Studio Solution File, Format Version 12.00
# Visual Studio 15
VisualStudioVersion = 15.0.35319.79
MinimumVisualStudioVersion = 10.0.40219.1
Project("{FAE04EC0-301F-11D3-BF4B-00C04F79EFBC}") = "MarketManagement", "MarketManagement\MarketManagement.csproj", "{2B2D342D-285D-48D4-8499-BF0FA5369117}"
EndProject
Global
	GlobalSection(SolutionConfigurationPlatforms) = preSolution
		Debug|Any CPU = Debug|Any CPU
		Release|Any CPU = Release|Any CPU
	EndGlobalSection
	GlobalSection(ProjectConfigurationPlatforms) = postSolution
		{2B2D342D-285D-48D4-8499-BF0FA5369117}.Debug|Any CPU.ActiveCfg = Debug|Any CPU
		{2B2D342D-285D-48D4-8499-BF0FA5369117}.Debug|Any CPU.Build.0 = Debug|Any CPU
		{2B2D342D-285D-48D4-8499-BF0FA5369117}.Release|Any CPU.ActiveCfg = Release|Any CPU
		{2B2D342D-285D-48D4-8499-BF0FA5369117}.Release|Any CPU.Build.0 = Release|Any CPU
	EndGlobalSection
	GlobalSection(SolutionProperties) = preSolution
		HideSolutionNode = FALSE
	EndGlobalSection
	GlobalSection(ExtensibilityGlobals) = postSolution
		SolutionGuid = {1E476D2C-2A75-4DF1-874C-58D77788776B}
	EndGlobalSection
EndGlobal
