
Microsoft Visual Studio Solution File, Format Version 12.00
# Visual Studio 15
VisualStudioVersion = 15.0.35319.79
MinimumVisualStudioVersion = 10.0.40219.1
Project("{FAE04EC0-301F-11D3-BF4B-00C04F79EFBC}") = "IndexerHW2", "IndexerHW2\IndexerHW2.csproj", "{2E472598-88E0-45BD-8941-6A50924E1B77}"
EndProject
Global
	GlobalSection(SolutionConfigurationPlatforms) = preSolution
		Debug|Any CPU = Debug|Any CPU
		Release|Any CPU = Release|Any CPU
	EndGlobalSection
	GlobalSection(ProjectConfigurationPlatforms) = postSolution
		{2E472598-88E0-45BD-8941-6A50924E1B77}.Debug|Any CPU.ActiveCfg = Debug|Any CPU
		{2E472598-88E0-45BD-8941-6A50924E1B77}.Debug|Any CPU.Build.0 = Debug|Any CPU
		{2E472598-88E0-45BD-8941-6A50924E1B77}.Release|Any CPU.ActiveCfg = Release|Any CPU
		{2E472598-88E0-45BD-8941-6A50924E1B77}.Release|Any CPU.Build.0 = Release|Any CPU
	EndGlobalSection
	GlobalSection(SolutionProperties) = preSolution
		HideSolutionNode = FALSE
	EndGlobalSection
	GlobalSection(ExtensibilityGlobals) = postSolution
		SolutionGuid = {32D29002-A5F7-4BE6-A243-B8C3BC4C4E1F}
	EndGlobalSection
EndGlobal
