
Microsoft Visual Studio Solution File, Format Version 12.00
# Visual Studio 15
VisualStudioVersion = 15.0.35319.79
MinimumVisualStudioVersion = 10.0.40219.1
Project("{FAE04EC0-301F-11D3-BF4B-00C04F79EFBC}") = "HW-5", "HW-5\HW-5.csproj", "{72B593A3-E36E-4419-962C-0A2CC0E12096}"
EndProject
Global
	GlobalSection(SolutionConfigurationPlatforms) = preSolution
		Debug|Any CPU = Debug|Any CPU
		Release|Any CPU = Release|Any CPU
	EndGlobalSection
	GlobalSection(ProjectConfigurationPlatforms) = postSolution
		{72B593A3-E36E-4419-962C-0A2CC0E12096}.Debug|Any CPU.ActiveCfg = Debug|Any CPU
		{72B593A3-E36E-4419-962C-0A2CC0E12096}.Debug|Any CPU.Build.0 = Debug|Any CPU
		{72B593A3-E36E-4419-962C-0A2CC0E12096}.Release|Any CPU.ActiveCfg = Release|Any CPU
		{72B593A3-E36E-4419-962C-0A2CC0E12096}.Release|Any CPU.Build.0 = Release|Any CPU
	EndGlobalSection
	GlobalSection(SolutionProperties) = preSolution
		HideSolutionNode = FALSE
	EndGlobalSection
	GlobalSection(ExtensibilityGlobals) = postSolution
		SolutionGuid = {BB2204AA-06CB-480A-AB7E-39220B7F2145}
	EndGlobalSection
EndGlobal
