
Microsoft Visual Studio Solution File, Format Version 12.00
# Visual Studio 15
VisualStudioVersion = 15.0.35319.79
MinimumVisualStudioVersion = 10.0.40219.1
Project("{FAE04EC0-301F-11D3-BF4B-00C04F79EFBC}") = "QA4", "QA4\QA4.csproj", "{13CE8874-76F3-4214-A676-335E19AEDB7F}"
EndProject
Global
	GlobalSection(SolutionConfigurationPlatforms) = preSolution
		Debug|Any CPU = Debug|Any CPU
		Release|Any CPU = Release|Any CPU
	EndGlobalSection
	GlobalSection(ProjectConfigurationPlatforms) = postSolution
		{13CE8874-76F3-4214-A676-335E19AEDB7F}.Debug|Any CPU.ActiveCfg = Debug|Any CPU
		{13CE8874-76F3-4214-A676-335E19AEDB7F}.Debug|Any CPU.Build.0 = Debug|Any CPU
		{13CE8874-76F3-4214-A676-335E19AEDB7F}.Release|Any CPU.ActiveCfg = Release|Any CPU
		{13CE8874-76F3-4214-A676-335E19AEDB7F}.Release|Any CPU.Build.0 = Release|Any CPU
	EndGlobalSection
	GlobalSection(SolutionProperties) = preSolution
		HideSolutionNode = FALSE
	EndGlobalSection
	GlobalSection(ExtensibilityGlobals) = postSolution
		SolutionGuid = {0004E31B-E25B-42A1-BE27-456DDB3A33B1}
	EndGlobalSection
EndGlobal
