
Microsoft Visual Studio Solution File, Format Version 12.00
# Visual Studio 15
VisualStudioVersion = 15.0.35319.79
MinimumVisualStudioVersion = 10.0.40219.1
Project("{FAE04EC0-301F-11D3-BF4B-00C04F79EFBC}") = "QA2", "QA2\QA2.csproj", "{12574AD0-21E9-4C37-81B2-3F2C439FC3F0}"
EndProject
Global
	GlobalSection(SolutionConfigurationPlatforms) = preSolution
		Debug|Any CPU = Debug|Any CPU
		Release|Any CPU = Release|Any CPU
	EndGlobalSection
	GlobalSection(ProjectConfigurationPlatforms) = postSolution
		{12574AD0-21E9-4C37-81B2-3F2C439FC3F0}.Debug|Any CPU.ActiveCfg = Debug|Any CPU
		{12574AD0-21E9-4C37-81B2-3F2C439FC3F0}.Debug|Any CPU.Build.0 = Debug|Any CPU
		{12574AD0-21E9-4C37-81B2-3F2C439FC3F0}.Release|Any CPU.ActiveCfg = Release|Any CPU
		{12574AD0-21E9-4C37-81B2-3F2C439FC3F0}.Release|Any CPU.Build.0 = Release|Any CPU
	EndGlobalSection
	GlobalSection(SolutionProperties) = preSolution
		HideSolutionNode = FALSE
	EndGlobalSection
	GlobalSection(ExtensibilityGlobals) = postSolution
		SolutionGuid = {88CA87DE-433B-427F-9ABB-4CF070032EB6}
	EndGlobalSection
EndGlobal
