
Microsoft Visual Studio Solution File, Format Version 12.00
# Visual Studio 15
VisualStudioVersion = 15.0.35319.79
MinimumVisualStudioVersion = 10.0.40219.1
Project("{FAE04EC0-301F-11D3-BF4B-00C04F79EFBC}") = "QA3", "QA3\QA3.csproj", "{28148A51-1FF7-44E0-A5CD-32D691CDE677}"
EndProject
Global
	GlobalSection(SolutionConfigurationPlatforms) = preSolution
		Debug|Any CPU = Debug|Any CPU
		Release|Any CPU = Release|Any CPU
	EndGlobalSection
	GlobalSection(ProjectConfigurationPlatforms) = postSolution
		{28148A51-1FF7-44E0-A5CD-32D691CDE677}.Debug|Any CPU.ActiveCfg = Debug|Any CPU
		{28148A51-1FF7-44E0-A5CD-32D691CDE677}.Debug|Any CPU.Build.0 = Debug|Any CPU
		{28148A51-1FF7-44E0-A5CD-32D691CDE677}.Release|Any CPU.ActiveCfg = Release|Any CPU
		{28148A51-1FF7-44E0-A5CD-32D691CDE677}.Release|Any CPU.Build.0 = Release|Any CPU
	EndGlobalSection
	GlobalSection(SolutionProperties) = preSolution
		HideSolutionNode = FALSE
	EndGlobalSection
	GlobalSection(ExtensibilityGlobals) = postSolution
		SolutionGuid = {168F2F68-B2B4-43E6-B611-90188FAFA6C2}
	EndGlobalSection
EndGlobal
