
Microsoft Visual Studio Solution File, Format Version 12.00
# Visual Studio 15
VisualStudioVersion = 15.0.35319.79
MinimumVisualStudioVersion = 10.0.40219.1
Project("{FAE04EC0-301F-11D3-BF4B-00C04F79EFBC}") = "IndexerHW1", "IndexerHW1\IndexerHW1.csproj", "{C6094DD1-DF9E-48A8-8FFB-040F1C7E7D6A}"
EndProject
Global
	GlobalSection(SolutionConfigurationPlatforms) = preSolution
		Debug|Any CPU = Debug|Any CPU
		Release|Any CPU = Release|Any CPU
	EndGlobalSection
	GlobalSection(ProjectConfigurationPlatforms) = postSolution
		{C6094DD1-DF9E-48A8-8FFB-040F1C7E7D6A}.Debug|Any CPU.ActiveCfg = Debug|Any CPU
		{C6094DD1-DF9E-48A8-8FFB-040F1C7E7D6A}.Debug|Any CPU.Build.0 = Debug|Any CPU
		{C6094DD1-DF9E-48A8-8FFB-040F1C7E7D6A}.Release|Any CPU.ActiveCfg = Release|Any CPU
		{C6094DD1-DF9E-48A8-8FFB-040F1C7E7D6A}.Release|Any CPU.Build.0 = Release|Any CPU
	EndGlobalSection
	GlobalSection(SolutionProperties) = preSolution
		HideSolutionNode = FALSE
	EndGlobalSection
	GlobalSection(ExtensibilityGlobals) = postSolution
		SolutionGuid = {BC588135-12EC-450B-96D7-9E7CAEA67180}
	EndGlobalSection
EndGlobal
