
Microsoft Visual Studio Solution File, Format Version 12.00
# Visual Studio 15
VisualStudioVersion = 15.0.35319.79
MinimumVisualStudioVersion = 10.0.40219.1
Project("{FAE04EC0-301F-11D3-BF4B-00C04F79EFBC}") = "OverLoadingHW2", "OverLoadingHW2\OverLoadingHW2.csproj", "{F2DDC090-57E7-401A-ACC1-3727D8B1AE41}"
EndProject
Global
	GlobalSection(SolutionConfigurationPlatforms) = preSolution
		Debug|Any CPU = Debug|Any CPU
		Release|Any CPU = Release|Any CPU
	EndGlobalSection
	GlobalSection(ProjectConfigurationPlatforms) = postSolution
		{F2DDC090-57E7-401A-ACC1-3727D8B1AE41}.Debug|Any CPU.ActiveCfg = Debug|Any CPU
		{F2DDC090-57E7-401A-ACC1-3727D8B1AE41}.Debug|Any CPU.Build.0 = Debug|Any CPU
		{F2DDC090-57E7-401A-ACC1-3727D8B1AE41}.Release|Any CPU.ActiveCfg = Release|Any CPU
		{F2DDC090-57E7-401A-ACC1-3727D8B1AE41}.Release|Any CPU.Build.0 = Release|Any CPU
	EndGlobalSection
	GlobalSection(SolutionProperties) = preSolution
		HideSolutionNode = FALSE
	EndGlobalSection
	GlobalSection(ExtensibilityGlobals) = postSolution
		SolutionGuid = {8A453EEA-927E-4E36-9154-59003983E533}
	EndGlobalSection
EndGlobal
