
Microsoft Visual Studio Solution File, Format Version 12.00
# Visual Studio 15
VisualStudioVersion = 15.0.35319.79
MinimumVisualStudioVersion = 10.0.40219.1
Project("{FAE04EC0-301F-11D3-BF4B-00C04F79EFBC}") = "project1", "project1\project1.csproj", "{AA2CC7FA-EBC4-4C33-9A77-DAD81EC48EEC}"
EndProject
Global
	GlobalSection(SolutionConfigurationPlatforms) = preSolution
		Debug|Any CPU = Debug|Any CPU
		Release|Any CPU = Release|Any CPU
	EndGlobalSection
	GlobalSection(ProjectConfigurationPlatforms) = postSolution
		{AA2CC7FA-EBC4-4C33-9A77-DAD81EC48EEC}.Debug|Any CPU.ActiveCfg = Debug|Any CPU
		{AA2CC7FA-EBC4-4C33-9A77-DAD81EC48EEC}.Debug|Any CPU.Build.0 = Debug|Any CPU
		{AA2CC7FA-EBC4-4C33-9A77-DAD81EC48EEC}.Release|Any CPU.ActiveCfg = Release|Any CPU
		{AA2CC7FA-EBC4-4C33-9A77-DAD81EC48EEC}.Release|Any CPU.Build.0 = Release|Any CPU
	EndGlobalSection
	GlobalSection(SolutionProperties) = preSolution
		HideSolutionNode = FALSE
	EndGlobalSection
	GlobalSection(ExtensibilityGlobals) = postSolution
		SolutionGuid = {F3D53920-977E-4EE2-BAAA-F8792474A88E}
	EndGlobalSection
EndGlobal
