
Microsoft Visual Studio Solution File, Format Version 12.00
# Visual Studio 15
VisualStudioVersion = 15.0.35319.79
MinimumVisualStudioVersion = 10.0.40219.1
Project("{FAE04EC0-301F-11D3-BF4B-00C04F79EFBC}") = "Elements3", "Elements3\Elements3.csproj", "{AAF154EC-E047-462E-BFFD-F069DFDD0C61}"
EndProject
Global
	GlobalSection(SolutionConfigurationPlatforms) = preSolution
		Debug|Any CPU = Debug|Any CPU
		Release|Any CPU = Release|Any CPU
	EndGlobalSection
	GlobalSection(ProjectConfigurationPlatforms) = postSolution
		{AAF154EC-E047-462E-BFFD-F069DFDD0C61}.Debug|Any CPU.ActiveCfg = Debug|Any CPU
		{AAF154EC-E047-462E-BFFD-F069DFDD0C61}.Debug|Any CPU.Build.0 = Debug|Any CPU
		{AAF154EC-E047-462E-BFFD-F069DFDD0C61}.Release|Any CPU.ActiveCfg = Release|Any CPU
		{AAF154EC-E047-462E-BFFD-F069DFDD0C61}.Release|Any CPU.Build.0 = Release|Any CPU
	EndGlobalSection
	GlobalSection(SolutionProperties) = preSolution
		HideSolutionNode = FALSE
	EndGlobalSection
	GlobalSection(ExtensibilityGlobals) = postSolution
		SolutionGuid = {6E74AB82-6F3D-41E7-8D32-A77390B0C786}
	EndGlobalSection
EndGlobal
