
Microsoft Visual Studio Solution File, Format Version 12.00
# Visual Studio 15
VisualStudioVersion = 15.0.35319.79
MinimumVisualStudioVersion = 10.0.40219.1
Project("{FAE04EC0-301F-11D3-BF4B-00C04F79EFBC}") = "FormSwitch", "FormSwitch\FormSwitch.csproj", "{0D1733DC-A7FE-4E43-B76D-EB0683CD1403}"
EndProject
Global
	GlobalSection(SolutionConfigurationPlatforms) = preSolution
		Debug|Any CPU = Debug|Any CPU
		Release|Any CPU = Release|Any CPU
	EndGlobalSection
	GlobalSection(ProjectConfigurationPlatforms) = postSolution
		{0D1733DC-A7FE-4E43-B76D-EB0683CD1403}.Debug|Any CPU.ActiveCfg = Debug|Any CPU
		{0D1733DC-A7FE-4E43-B76D-EB0683CD1403}.Debug|Any CPU.Build.0 = Debug|Any CPU
		{0D1733DC-A7FE-4E43-B76D-EB0683CD1403}.Release|Any CPU.ActiveCfg = Release|Any CPU
		{0D1733DC-A7FE-4E43-B76D-EB0683CD1403}.Release|Any CPU.Build.0 = Release|Any CPU
	EndGlobalSection
	GlobalSection(SolutionProperties) = preSolution
		HideSolutionNode = FALSE
	EndGlobalSection
	GlobalSection(ExtensibilityGlobals) = postSolution
		SolutionGuid = {C28ACC2F-97C3-4743-B7F8-6D24B5A7AAEC}
	EndGlobalSection
EndGlobal
